
Microsoft Visual Studio Solution File, Format Version 12.00
# Visual Studio Version 17
VisualStudioVersion = 17.7.34031.279
MinimumVisualStudioVersion = 10.0.40219.1
Project("{FAE04EC0-301F-11D3-BF4B-00C04F79EFBC}") = "HighloadCourse", "HighloadCourse/HighloadCourse.csproj", "{749D7801-F42A-48B6-B952-654092C19DE1}"
EndProject
Project("{E53339B2-1760-4266-BCC7-CA923CBCF16C}") = "docker-compose", "docker-compose.dcproj", "{0EF55F7E-A554-4572-A918-61FA9F05F3B2}"
EndProject
Global
	GlobalSection(SolutionConfigurationPlatforms) = preSolution
		Debug|Any CPU = Debug|Any CPU
		Release|Any CPU = Release|Any CPU
	EndGlobalSection
	GlobalSection(ProjectConfigurationPlatforms) = postSolution
		{749D7801-F42A-48B6-B952-654092C19DE1}.Debug|Any CPU.ActiveCfg = Debug|Any CPU
		{749D7801-F42A-48B6-B952-654092C19DE1}.Debug|Any CPU.Build.0 = Debug|Any CPU
		{749D7801-F42A-48B6-B952-654092C19DE1}.Release|Any CPU.ActiveCfg = Release|Any CPU
		{749D7801-F42A-48B6-B952-654092C19DE1}.Release|Any CPU.Build.0 = Release|Any CPU
				{0EF55F7E-A554-4572-A918-61FA9F05F3B2}.Debug|Any CPU.ActiveCfg = Debug|Any CPU
		{0EF55F7E-A554-4572-A918-61FA9F05F3B2}.Debug|Any CPU.Build.0 = Debug|Any CPU
		{0EF55F7E-A554-4572-A918-61FA9F05F3B2}.Release|Any CPU.ActiveCfg = Release|Any CPU
		{0EF55F7E-A554-4572-A918-61FA9F05F3B2}.Release|Any CPU.Build.0 = Release|Any CPU
	EndGlobalSection
	GlobalSection(SolutionProperties) = preSolution
		HideSolutionNode = FALSE
	EndGlobalSection
	GlobalSection(ExtensibilityGlobals) = postSolution
		SolutionGuid = {8DF8D36A-513C-4E3A-B409-5F45E72C98DB}
	EndGlobalSection
EndGlobal
